
Microsoft Visual Studio Solution File, Format Version 12.00
# Visual Studio 2015
Project("{FAE04EC0-301F-11D3-BF4B-00C04F79EFBC}") = "RiddleWorld", "RiddleWorld.csproj", "{4553A1DA-9228-DC30-26D3-3E88D9DDAE0F}"
EndProject
Project("{FAE04EC0-301F-11D3-BF4B-00C04F79EFBC}") = "RiddleWorld.Editor", "RiddleWorld.Editor.csproj", "{3E81EA39-7408-AA37-01B8-AB901B7014F8}"
EndProject
Global
	GlobalSection(SolutionConfigurationPlatforms) = preSolution
		Debug|Any CPU = Debug|Any CPU
		Release|Any CPU = Release|Any CPU
	EndGlobalSection
	GlobalSection(ProjectConfigurationPlatforms) = postSolution
		{4553A1DA-9228-DC30-26D3-3E88D9DDAE0F}.Debug|Any CPU.ActiveCfg = Debug|Any CPU
		{4553A1DA-9228-DC30-26D3-3E88D9DDAE0F}.Debug|Any CPU.Build.0 = Debug|Any CPU
		{4553A1DA-9228-DC30-26D3-3E88D9DDAE0F}.Release|Any CPU.ActiveCfg = Release|Any CPU
		{4553A1DA-9228-DC30-26D3-3E88D9DDAE0F}.Release|Any CPU.Build.0 = Release|Any CPU
		{3E81EA39-7408-AA37-01B8-AB901B7014F8}.Debug|Any CPU.ActiveCfg = Debug|Any CPU
		{3E81EA39-7408-AA37-01B8-AB901B7014F8}.Debug|Any CPU.Build.0 = Debug|Any CPU
		{3E81EA39-7408-AA37-01B8-AB901B7014F8}.Release|Any CPU.ActiveCfg = Release|Any CPU
		{3E81EA39-7408-AA37-01B8-AB901B7014F8}.Release|Any CPU.Build.0 = Release|Any CPU
	EndGlobalSection
	GlobalSection(SolutionProperties) = preSolution
		HideSolutionNode = FALSE
	EndGlobalSection
EndGlobal
